
Microsoft Visual Studio Solution File, Format Version 12.00
# Visual Studio 15
VisualStudioVersion = 15.0.26430.6
MinimumVisualStudioVersion = 10.0.40219.1
Project("{FAE04EC0-301F-11D3-BF4B-00C04F79EFBC}") = "SmartHome", "SmartHome\SmartHome.csproj", "{B97D7325-D16B-4955-9480-07F31ADC871B}"
EndProject
Global
	GlobalSection(SolutionConfigurationPlatforms) = preSolution
		Debug|Any CPU = Debug|Any CPU
		Release|Any CPU = Release|Any CPU
	EndGlobalSection
	GlobalSection(ProjectConfigurationPlatforms) = postSolution
		{B97D7325-D16B-4955-9480-07F31ADC871B}.Debug|Any CPU.ActiveCfg = Debug|Any CPU
		{B97D7325-D16B-4955-9480-07F31ADC871B}.Debug|Any CPU.Build.0 = Debug|Any CPU
		{B97D7325-D16B-4955-9480-07F31ADC871B}.Release|Any CPU.ActiveCfg = Release|Any CPU
		{B97D7325-D16B-4955-9480-07F31ADC871B}.Release|Any CPU.Build.0 = Release|Any CPU
	EndGlobalSection
	GlobalSection(SolutionProperties) = preSolution
		HideSolutionNode = FALSE
	EndGlobalSection
EndGlobal
